// !$*UTF8*$!
{
	archiveVersion = 1;
	classes = {
	};
	objectVersion = 56;
	objects = {

/* Begin PBXBuildFile section */
		B10A903C2B30B795002FED58 /* DailyMehApp.swift in Sources */ = {isa = PBXBuildFile; fileRef = B10A903B2B30B795002FED58 /* DailyMehApp.swift */; };
		B10A903E2B30B795002FED58 /* DealView.swift in Sources */ = {isa = PBXBuildFile; fileRef = B10A903D2B30B795002FED58 /* DealView.swift */; };
		B10A90402B30B795002FED58 /* Assets.xcassets in Resources */ = {isa = PBXBuildFile; fileRef = B10A903F2B30B795002FED58 /* Assets.xcassets */; };
		B10A90432B30B795002FED58 /* Preview Assets.xcassets in Resources */ = {isa = PBXBuildFile; fileRef = B10A90422B30B795002FED58 /* Preview Assets.xcassets */; };
		B10A904D2B30B796002FED58 /* DailyMehTests.swift in Sources */ = {isa = PBXBuildFile; fileRef = B10A904C2B30B796002FED58 /* DailyMehTests.swift */; };
		B10A90572B30B796002FED58 /* DailyMehUITests.swift in Sources */ = {isa = PBXBuildFile; fileRef = B10A90562B30B796002FED58 /* DailyMehUITests.swift */; };
		B10A90592B30B796002FED58 /* DailyMehUITestsLaunchTests.swift in Sources */ = {isa = PBXBuildFile; fileRef = B10A90582B30B796002FED58 /* DailyMehUITestsLaunchTests.swift */; };
		B10A90662B30B861002FED58 /* NetworkManager.swift in Sources */ = {isa = PBXBuildFile; fileRef = B10A90652B30B861002FED58 /* NetworkManager.swift */; };
		B10A90682B30BAB1002FED58 /* DealViewModel.swift in Sources */ = {isa = PBXBuildFile; fileRef = B10A90672B30BAB1002FED58 /* DealViewModel.swift */; };
		B10A906D2B30BD25002FED58 /* MockResponse.json in Resources */ = {isa = PBXBuildFile; fileRef = B10A906C2B30BD25002FED58 /* MockResponse.json */; };
		B10A906E2B30BD25002FED58 /* MockResponse.json in Resources */ = {isa = PBXBuildFile; fileRef = B10A906C2B30BD25002FED58 /* MockResponse.json */; };
		B10A906F2B30BD25002FED58 /* MockResponse.json in Resources */ = {isa = PBXBuildFile; fileRef = B10A906C2B30BD25002FED58 /* MockResponse.json */; };
		B10A90722B30BE91002FED58 /* Deal.swift in Sources */ = {isa = PBXBuildFile; fileRef = B10A90712B30BE91002FED58 /* Deal.swift */; };
		B10A90752B30BFAF002FED58 /* MockNetworkManager.swift in Sources */ = {isa = PBXBuildFile; fileRef = B10A906B2B30BCEB002FED58 /* MockNetworkManager.swift */; };
		B10A90762B30BFB1002FED58 /* MockNetworkManager.swift in Sources */ = {isa = PBXBuildFile; fileRef = B10A906B2B30BCEB002FED58 /* MockNetworkManager.swift */; };
		B10A90772B30BFB2002FED58 /* MockNetworkManager.swift in Sources */ = {isa = PBXBuildFile; fileRef = B10A906B2B30BCEB002FED58 /* MockNetworkManager.swift */; };
		B10A90792B30C5F4002FED58 /* Color+Hex.swift in Sources */ = {isa = PBXBuildFile; fileRef = B10A90782B30C5F4002FED58 /* Color+Hex.swift */; };
		B10A907D2B30CDBF002FED58 /* ImageCarousel.swift in Sources */ = {isa = PBXBuildFile; fileRef = B10A907C2B30CDBF002FED58 /* ImageCarousel.swift */; };
		B10A90802B30DAFC002FED58 /* Strings.swift in Sources */ = {isa = PBXBuildFile; fileRef = B10A907F2B30DAFC002FED58 /* Strings.swift */; };
		B10A90822B30DD28002FED58 /* PriceButton.swift in Sources */ = {isa = PBXBuildFile; fileRef = B10A90812B30DD28002FED58 /* PriceButton.swift */; };
		B10A90842B30DEE4002FED58 /* MehButton.swift in Sources */ = {isa = PBXBuildFile; fileRef = B10A90832B30DEE4002FED58 /* MehButton.swift */; };
		B10A90872B30E2F4002FED58 /* Response.swift in Sources */ = {isa = PBXBuildFile; fileRef = B10A90862B30E2F4002FED58 /* Response.swift */; };
		B10A90892B30E31A002FED58 /* Item.swift in Sources */ = {isa = PBXBuildFile; fileRef = B10A90882B30E31A002FED58 /* Item.swift */; };
		B10A908B2B30E32F002FED58 /* Launch.swift in Sources */ = {isa = PBXBuildFile; fileRef = B10A908A2B30E32F002FED58 /* Launch.swift */; };
		B10A908D2B30E342002FED58 /* PurchaseQuantity.swift in Sources */ = {isa = PBXBuildFile; fileRef = B10A908C2B30E342002FED58 /* PurchaseQuantity.swift */; };
		B10A908F2B30E353002FED58 /* Story.swift in Sources */ = {isa = PBXBuildFile; fileRef = B10A908E2B30E353002FED58 /* Story.swift */; };
		B10A90912B30E360002FED58 /* Theme.swift in Sources */ = {isa = PBXBuildFile; fileRef = B10A90902B30E360002FED58 /* Theme.swift */; };
		B10A90932B30E36F002FED58 /* Topic.swift in Sources */ = {isa = PBXBuildFile; fileRef = B10A90922B30E36F002FED58 /* Topic.swift */; };
		B10A90952B30E37E002FED58 /* Poll.swift in Sources */ = {isa = PBXBuildFile; fileRef = B10A90942B30E37E002FED58 /* Poll.swift */; };
		B10A90972B30E393002FED58 /* Answer.swift in Sources */ = {isa = PBXBuildFile; fileRef = B10A90962B30E393002FED58 /* Answer.swift */; };
/* End PBXBuildFile section */

/* Begin PBXContainerItemProxy section */
		B10A90492B30B796002FED58 /* PBXContainerItemProxy */ = {
			isa = PBXContainerItemProxy;
			containerPortal = B10A90302B30B795002FED58 /* Project object */;
			proxyType = 1;
			remoteGlobalIDString = B10A90372B30B795002FED58;
			remoteInfo = DailyMeh;
		};
		B10A90532B30B796002FED58 /* PBXContainerItemProxy */ = {
			isa = PBXContainerItemProxy;
			containerPortal = B10A90302B30B795002FED58 /* Project object */;
			proxyType = 1;
			remoteGlobalIDString = B10A90372B30B795002FED58;
			remoteInfo = DailyMeh;
		};
/* End PBXContainerItemProxy section */

/* Begin PBXFileReference section */
		B10A90382B30B795002FED58 /* DailyMeh.app */ = {isa = PBXFileReference; explicitFileType = wrapper.application; includeInIndex = 0; path = DailyMeh.app; sourceTree = BUILT_PRODUCTS_DIR; };
		B10A903B2B30B795002FED58 /* DailyMehApp.swift */ = {isa = PBXFileReference; lastKnownFileType = sourcecode.swift; path = DailyMehApp.swift; sourceTree = "<group>"; };
		B10A903D2B30B795002FED58 /* DealView.swift */ = {isa = PBXFileReference; lastKnownFileType = sourcecode.swift; path = DealView.swift; sourceTree = "<group>"; };
		B10A903F2B30B795002FED58 /* Assets.xcassets */ = {isa = PBXFileReference; lastKnownFileType = folder.assetcatalog; path = Assets.xcassets; sourceTree = "<group>"; };
		B10A90422B30B795002FED58 /* Preview Assets.xcassets */ = {isa = PBXFileReference; lastKnownFileType = folder.assetcatalog; path = "Preview Assets.xcassets"; sourceTree = "<group>"; };
		B10A90482B30B796002FED58 /* DailyMehTests.xctest */ = {isa = PBXFileReference; explicitFileType = wrapper.cfbundle; includeInIndex = 0; path = DailyMehTests.xctest; sourceTree = BUILT_PRODUCTS_DIR; };
		B10A904C2B30B796002FED58 /* DailyMehTests.swift */ = {isa = PBXFileReference; lastKnownFileType = sourcecode.swift; path = DailyMehTests.swift; sourceTree = "<group>"; };
		B10A90522B30B796002FED58 /* DailyMehUITests.xctest */ = {isa = PBXFileReference; explicitFileType = wrapper.cfbundle; includeInIndex = 0; path = DailyMehUITests.xctest; sourceTree = BUILT_PRODUCTS_DIR; };
		B10A90562B30B796002FED58 /* DailyMehUITests.swift */ = {isa = PBXFileReference; lastKnownFileType = sourcecode.swift; path = DailyMehUITests.swift; sourceTree = "<group>"; };
		B10A90582B30B796002FED58 /* DailyMehUITestsLaunchTests.swift */ = {isa = PBXFileReference; lastKnownFileType = sourcecode.swift; path = DailyMehUITestsLaunchTests.swift; sourceTree = "<group>"; };
		B10A90652B30B861002FED58 /* NetworkManager.swift */ = {isa = PBXFileReference; lastKnownFileType = sourcecode.swift; path = NetworkManager.swift; sourceTree = "<group>"; };
		B10A90672B30BAB1002FED58 /* DealViewModel.swift */ = {isa = PBXFileReference; lastKnownFileType = sourcecode.swift; path = DealViewModel.swift; sourceTree = "<group>"; };
		B10A906B2B30BCEB002FED58 /* MockNetworkManager.swift */ = {isa = PBXFileReference; lastKnownFileType = sourcecode.swift; path = MockNetworkManager.swift; sourceTree = "<group>"; };
		B10A906C2B30BD25002FED58 /* MockResponse.json */ = {isa = PBXFileReference; lastKnownFileType = text.json; path = MockResponse.json; sourceTree = "<group>"; };
		B10A90712B30BE91002FED58 /* Deal.swift */ = {isa = PBXFileReference; lastKnownFileType = sourcecode.swift; path = Deal.swift; sourceTree = "<group>"; };
		B10A90782B30C5F4002FED58 /* Color+Hex.swift */ = {isa = PBXFileReference; lastKnownFileType = sourcecode.swift; path = "Color+Hex.swift"; sourceTree = "<group>"; };
		B10A907C2B30CDBF002FED58 /* ImageCarousel.swift */ = {isa = PBXFileReference; lastKnownFileType = sourcecode.swift; path = ImageCarousel.swift; sourceTree = "<group>"; };
		B10A907F2B30DAFC002FED58 /* Strings.swift */ = {isa = PBXFileReference; lastKnownFileType = sourcecode.swift; path = Strings.swift; sourceTree = "<group>"; };
		B10A90812B30DD28002FED58 /* PriceButton.swift */ = {isa = PBXFileReference; lastKnownFileType = sourcecode.swift; path = PriceButton.swift; sourceTree = "<group>"; };
		B10A90832B30DEE4002FED58 /* MehButton.swift */ = {isa = PBXFileReference; lastKnownFileType = sourcecode.swift; path = MehButton.swift; sourceTree = "<group>"; };
		B10A90852B30E271002FED58 /* Info.plist */ = {isa = PBXFileReference; lastKnownFileType = text.plist; path = Info.plist; sourceTree = "<group>"; };
		B10A90862B30E2F4002FED58 /* Response.swift */ = {isa = PBXFileReference; lastKnownFileType = sourcecode.swift; path = Response.swift; sourceTree = "<group>"; };
		B10A90882B30E31A002FED58 /* Item.swift */ = {isa = PBXFileReference; lastKnownFileType = sourcecode.swift; path = Item.swift; sourceTree = "<group>"; };
		B10A908A2B30E32F002FED58 /* Launch.swift */ = {isa = PBXFileReference; lastKnownFileType = sourcecode.swift; path = Launch.swift; sourceTree = "<group>"; };
		B10A908C2B30E342002FED58 /* PurchaseQuantity.swift */ = {isa = PBXFileReference; lastKnownFileType = sourcecode.swift; path = PurchaseQuantity.swift; sourceTree = "<group>"; };
		B10A908E2B30E353002FED58 /* Story.swift */ = {isa = PBXFileReference; lastKnownFileType = sourcecode.swift; path = Story.swift; sourceTree = "<group>"; };
		B10A90902B30E360002FED58 /* Theme.swift */ = {isa = PBXFileReference; lastKnownFileType = sourcecode.swift; path = Theme.swift; sourceTree = "<group>"; };
		B10A90922B30E36F002FED58 /* Topic.swift */ = {isa = PBXFileReference; lastKnownFileType = sourcecode.swift; path = Topic.swift; sourceTree = "<group>"; };
		B10A90942B30E37E002FED58 /* Poll.swift */ = {isa = PBXFileReference; lastKnownFileType = sourcecode.swift; path = Poll.swift; sourceTree = "<group>"; };
		B10A90962B30E393002FED58 /* Answer.swift */ = {isa = PBXFileReference; lastKnownFileType = sourcecode.swift; path = Answer.swift; sourceTree = "<group>"; };
/* End PBXFileReference section */

/* Begin PBXFrameworksBuildPhase section */
		B10A90352B30B795002FED58 /* Frameworks */ = {
			isa = PBXFrameworksBuildPhase;
			buildActionMask = 2147483647;
			files = (
			);
			runOnlyForDeploymentPostprocessing = 0;
		};
		B10A90452B30B796002FED58 /* Frameworks */ = {
			isa = PBXFrameworksBuildPhase;
			buildActionMask = 2147483647;
			files = (
			);
			runOnlyForDeploymentPostprocessing = 0;
		};
		B10A904F2B30B796002FED58 /* Frameworks */ = {
			isa = PBXFrameworksBuildPhase;
			buildActionMask = 2147483647;
			files = (
			);
			runOnlyForDeploymentPostprocessing = 0;
		};
/* End PBXFrameworksBuildPhase section */

/* Begin PBXGroup section */
		B10A902F2B30B795002FED58 = {
			isa = PBXGroup;
			children = (
				B10A903A2B30B795002FED58 /* DailyMeh */,
				B10A904B2B30B796002FED58 /* DailyMehTests */,
				B10A90552B30B796002FED58 /* DailyMehUITests */,
				B10A90392B30B795002FED58 /* Products */,
			);
			sourceTree = "<group>";
		};
		B10A90392B30B795002FED58 /* Products */ = {
			isa = PBXGroup;
			children = (
				B10A90382B30B795002FED58 /* DailyMeh.app */,
				B10A90482B30B796002FED58 /* DailyMehTests.xctest */,
				B10A90522B30B796002FED58 /* DailyMehUITests.xctest */,
			);
			name = Products;
			sourceTree = "<group>";
		};
		B10A903A2B30B795002FED58 /* DailyMeh */ = {
			isa = PBXGroup;
			children = (
				B10A90852B30E271002FED58 /* Info.plist */,
				B10A903B2B30B795002FED58 /* DailyMehApp.swift */,
				B10A907E2B30DAF2002FED58 /* Strings */,
				B10A907A2B30C605002FED58 /* Utility */,
				B10A90692B30BCD4002FED58 /* Network */,
				B10A90702B30BE84002FED58 /* Model */,
				B10A90732B30BEED002FED58 /* View */,
				B10A90C72B310D1E002FED58 /* ViewModel */,
				B10A903F2B30B795002FED58 /* Assets.xcassets */,
				B10A90412B30B795002FED58 /* Preview Content */,
			);
			path = DailyMeh;
			sourceTree = "<group>";
		};
		B10A90412B30B795002FED58 /* Preview Content */ = {
			isa = PBXGroup;
			children = (
				B10A90422B30B795002FED58 /* Preview Assets.xcassets */,
			);
			path = "Preview Content";
			sourceTree = "<group>";
		};
		B10A904B2B30B796002FED58 /* DailyMehTests */ = {
			isa = PBXGroup;
			children = (
				B10A904C2B30B796002FED58 /* DailyMehTests.swift */,
			);
			path = DailyMehTests;
			sourceTree = "<group>";
		};
		B10A90552B30B796002FED58 /* DailyMehUITests */ = {
			isa = PBXGroup;
			children = (
				B10A90562B30B796002FED58 /* DailyMehUITests.swift */,
				B10A90582B30B796002FED58 /* DailyMehUITestsLaunchTests.swift */,
			);
			path = DailyMehUITests;
			sourceTree = "<group>";
		};
		B10A90692B30BCD4002FED58 /* Network */ = {
			isa = PBXGroup;
			children = (
				B10A906A2B30BCE5002FED58 /* Mock */,
				B10A90652B30B861002FED58 /* NetworkManager.swift */,
			);
			path = Network;
			sourceTree = "<group>";
		};
		B10A906A2B30BCE5002FED58 /* Mock */ = {
			isa = PBXGroup;
			children = (
				B10A906B2B30BCEB002FED58 /* MockNetworkManager.swift */,
				B10A906C2B30BD25002FED58 /* MockResponse.json */,
			);
			path = Mock;
			sourceTree = "<group>";
		};
		B10A90702B30BE84002FED58 /* Model */ = {
			isa = PBXGroup;
			children = (
				B10A90862B30E2F4002FED58 /* Response.swift */,
				B10A90712B30BE91002FED58 /* Deal.swift */,
				B10A90882B30E31A002FED58 /* Item.swift */,
				B10A908A2B30E32F002FED58 /* Launch.swift */,
				B10A908C2B30E342002FED58 /* PurchaseQuantity.swift */,
				B10A908E2B30E353002FED58 /* Story.swift */,
				B10A90902B30E360002FED58 /* Theme.swift */,
				B10A90922B30E36F002FED58 /* Topic.swift */,
				B10A90942B30E37E002FED58 /* Poll.swift */,
				B10A90962B30E393002FED58 /* Answer.swift */,
			);
			path = Model;
			sourceTree = "<group>";
		};
		B10A90732B30BEED002FED58 /* View */ = {
			isa = PBXGroup;
			children = (
				B10A907B2B30CDAC002FED58 /* Components */,
				B10A903D2B30B795002FED58 /* DealView.swift */,
			);
			path = View;
			sourceTree = "<group>";
		};
		B10A907A2B30C605002FED58 /* Utility */ = {
			isa = PBXGroup;
			children = (
				B10A90782B30C5F4002FED58 /* Color+Hex.swift */,
			);
			path = Utility;
			sourceTree = "<group>";
		};
		B10A907B2B30CDAC002FED58 /* Components */ = {
			isa = PBXGroup;
			children = (
				B10A907C2B30CDBF002FED58 /* ImageCarousel.swift */,
				B10A90812B30DD28002FED58 /* PriceButton.swift */,
				B10A90832B30DEE4002FED58 /* MehButton.swift */,
			);
			path = Components;
			sourceTree = "<group>";
		};
		B10A907E2B30DAF2002FED58 /* Strings */ = {
			isa = PBXGroup;
			children = (
				B10A907F2B30DAFC002FED58 /* Strings.swift */,
			);
			path = Strings;
			sourceTree = "<group>";
		};
		B10A90C72B310D1E002FED58 /* ViewModel */ = {
			isa = PBXGroup;
			children = (
				B10A90672B30BAB1002FED58 /* DealViewModel.swift */,
			);
			path = ViewModel;
			sourceTree = "<group>";
		};
/* End PBXGroup section */

/* Begin PBXNativeTarget section */
		B10A90372B30B795002FED58 /* DailyMeh */ = {
			isa = PBXNativeTarget;
			buildConfigurationList = B10A905C2B30B796002FED58 /* Build configuration list for PBXNativeTarget "DailyMeh" */;
			buildPhases = (
				B10A90342B30B795002FED58 /* Sources */,
				B10A90352B30B795002FED58 /* Frameworks */,
				B10A90362B30B795002FED58 /* Resources */,
			);
			buildRules = (
			);
			dependencies = (
			);
			name = DailyMeh;
			productName = DailyMeh;
			productReference = B10A90382B30B795002FED58 /* DailyMeh.app */;
			productType = "com.apple.product-type.application";
		};
		B10A90472B30B796002FED58 /* DailyMehTests */ = {
			isa = PBXNativeTarget;
			buildConfigurationList = B10A905F2B30B796002FED58 /* Build configuration list for PBXNativeTarget "DailyMehTests" */;
			buildPhases = (
				B10A90442B30B796002FED58 /* Sources */,
				B10A90452B30B796002FED58 /* Frameworks */,
				B10A90462B30B796002FED58 /* Resources */,
			);
			buildRules = (
			);
			dependencies = (
				B10A904A2B30B796002FED58 /* PBXTargetDependency */,
			);
			name = DailyMehTests;
			productName = DailyMehTests;
			productReference = B10A90482B30B796002FED58 /* DailyMehTests.xctest */;
			productType = "com.apple.product-type.bundle.unit-test";
		};
		B10A90512B30B796002FED58 /* DailyMehUITests */ = {
			isa = PBXNativeTarget;
			buildConfigurationList = B10A90622B30B796002FED58 /* Build configuration list for PBXNativeTarget "DailyMehUITests" */;
			buildPhases = (
				B10A904E2B30B796002FED58 /* Sources */,
				B10A904F2B30B796002FED58 /* Frameworks */,
				B10A90502B30B796002FED58 /* Resources */,
			);
			buildRules = (
			);
			dependencies = (
				B10A90542B30B796002FED58 /* PBXTargetDependency */,
			);
			name = DailyMehUITests;
			productName = DailyMehUITests;
			productReference = B10A90522B30B796002FED58 /* DailyMehUITests.xctest */;
			productType = "com.apple.product-type.bundle.ui-testing";
		};
/* End PBXNativeTarget section */

/* Begin PBXProject section */
		B10A90302B30B795002FED58 /* Project object */ = {
			isa = PBXProject;
			attributes = {
				BuildIndependentTargetsInParallel = 1;
				LastSwiftUpdateCheck = 1500;
				LastUpgradeCheck = 1500;
				TargetAttributes = {
					B10A90372B30B795002FED58 = {
						CreatedOnToolsVersion = 15.0.1;
					};
					B10A90472B30B796002FED58 = {
						CreatedOnToolsVersion = 15.0.1;
						TestTargetID = B10A90372B30B795002FED58;
					};
					B10A90512B30B796002FED58 = {
						CreatedOnToolsVersion = 15.0.1;
						TestTargetID = B10A90372B30B795002FED58;
					};
				};
			};
			buildConfigurationList = B10A90332B30B795002FED58 /* Build configuration list for PBXProject "DailyMeh" */;
			compatibilityVersion = "Xcode 14.0";
			developmentRegion = en;
			hasScannedForEncodings = 0;
			knownRegions = (
				en,
				Base,
			);
			mainGroup = B10A902F2B30B795002FED58;
			productRefGroup = B10A90392B30B795002FED58 /* Products */;
			projectDirPath = "";
			projectRoot = "";
			targets = (
				B10A90372B30B795002FED58 /* DailyMeh */,
				B10A90472B30B796002FED58 /* DailyMehTests */,
				B10A90512B30B796002FED58 /* DailyMehUITests */,
			);
		};
/* End PBXProject section */

/* Begin PBXResourcesBuildPhase section */
		B10A90362B30B795002FED58 /* Resources */ = {
			isa = PBXResourcesBuildPhase;
			buildActionMask = 2147483647;
			files = (
				B10A90432B30B795002FED58 /* Preview Assets.xcassets in Resources */,
				B10A90402B30B795002FED58 /* Assets.xcassets in Resources */,
				B10A906D2B30BD25002FED58 /* MockResponse.json in Resources */,
			);
			runOnlyForDeploymentPostprocessing = 0;
		};
		B10A90462B30B796002FED58 /* Resources */ = {
			isa = PBXResourcesBuildPhase;
			buildActionMask = 2147483647;
			files = (
				B10A906E2B30BD25002FED58 /* MockResponse.json in Resources */,
			);
			runOnlyForDeploymentPostprocessing = 0;
		};
		B10A90502B30B796002FED58 /* Resources */ = {
			isa = PBXResourcesBuildPhase;
			buildActionMask = 2147483647;
			files = (
				B10A906F2B30BD25002FED58 /* MockResponse.json in Resources */,
			);
			runOnlyForDeploymentPostprocessing = 0;
		};
/* End PBXResourcesBuildPhase section */

/* Begin PBXSourcesBuildPhase section */
		B10A90342B30B795002FED58 /* Sources */ = {
			isa = PBXSourcesBuildPhase;
			buildActionMask = 2147483647;
			files = (
				B10A90842B30DEE4002FED58 /* MehButton.swift in Sources */,
				B10A90932B30E36F002FED58 /* Topic.swift in Sources */,
				B10A90792B30C5F4002FED58 /* Color+Hex.swift in Sources */,
				B10A90802B30DAFC002FED58 /* Strings.swift in Sources */,
				B10A90752B30BFAF002FED58 /* MockNetworkManager.swift in Sources */,
				B10A908B2B30E32F002FED58 /* Launch.swift in Sources */,
				B10A90872B30E2F4002FED58 /* Response.swift in Sources */,
				B10A90972B30E393002FED58 /* Answer.swift in Sources */,
				B10A90682B30BAB1002FED58 /* DealViewModel.swift in Sources */,
				B10A908F2B30E353002FED58 /* Story.swift in Sources */,
				B10A90662B30B861002FED58 /* NetworkManager.swift in Sources */,
				B10A90892B30E31A002FED58 /* Item.swift in Sources */,
				B10A90722B30BE91002FED58 /* Deal.swift in Sources */,
				B10A908D2B30E342002FED58 /* PurchaseQuantity.swift in Sources */,
				B10A903E2B30B795002FED58 /* DealView.swift in Sources */,
				B10A90952B30E37E002FED58 /* Poll.swift in Sources */,
				B10A90822B30DD28002FED58 /* PriceButton.swift in Sources */,
				B10A903C2B30B795002FED58 /* DailyMehApp.swift in Sources */,
				B10A907D2B30CDBF002FED58 /* ImageCarousel.swift in Sources */,
				B10A90912B30E360002FED58 /* Theme.swift in Sources */,
			);
			runOnlyForDeploymentPostprocessing = 0;
		};
		B10A90442B30B796002FED58 /* Sources */ = {
			isa = PBXSourcesBuildPhase;
			buildActionMask = 2147483647;
			files = (
				B10A90762B30BFB1002FED58 /* MockNetworkManager.swift in Sources */,
				B10A904D2B30B796002FED58 /* DailyMehTests.swift in Sources */,
			);
			runOnlyForDeploymentPostprocessing = 0;
		};
		B10A904E2B30B796002FED58 /* Sources */ = {
			isa = PBXSourcesBuildPhase;
			buildActionMask = 2147483647;
			files = (
				B10A90772B30BFB2002FED58 /* MockNetworkManager.swift in Sources */,
				B10A90592B30B796002FED58 /* DailyMehUITestsLaunchTests.swift in Sources */,
				B10A90572B30B796002FED58 /* DailyMehUITests.swift in Sources */,
			);
			runOnlyForDeploymentPostprocessing = 0;
		};
/* End PBXSourcesBuildPhase section */

/* Begin PBXTargetDependency section */
		B10A904A2B30B796002FED58 /* PBXTargetDependency */ = {
			isa = PBXTargetDependency;
			target = B10A90372B30B795002FED58 /* DailyMeh */;
			targetProxy = B10A90492B30B796002FED58 /* PBXContainerItemProxy */;
		};
		B10A90542B30B796002FED58 /* PBXTargetDependency */ = {
			isa = PBXTargetDependency;
			target = B10A90372B30B795002FED58 /* DailyMeh */;
			targetProxy = B10A90532B30B796002FED58 /* PBXContainerItemProxy */;
		};
/* End PBXTargetDependency section */

/* Begin XCBuildConfiguration section */
		B10A905A2B30B796002FED58 /* Debug */ = {
			isa = XCBuildConfiguration;
			buildSettings = {
				ALWAYS_SEARCH_USER_PATHS = NO;
				ASSETCATALOG_COMPILER_GENERATE_SWIFT_ASSET_SYMBOL_EXTENSIONS = YES;
				CLANG_ANALYZER_NONNULL = YES;
				CLANG_ANALYZER_NUMBER_OBJECT_CONVERSION = YES_AGGRESSIVE;
				CLANG_CXX_LANGUAGE_STANDARD = "gnu++20";
				CLANG_ENABLE_MODULES = YES;
				CLANG_ENABLE_OBJC_ARC = YES;
				CLANG_ENABLE_OBJC_WEAK = YES;
				CLANG_WARN_BLOCK_CAPTURE_AUTORELEASING = YES;
				CLANG_WARN_BOOL_CONVERSION = YES;
				CLANG_WARN_COMMA = YES;
				CLANG_WARN_CONSTANT_CONVERSION = YES;
				CLANG_WARN_DEPRECATED_OBJC_IMPLEMENTATIONS = YES;
				CLANG_WARN_DIRECT_OBJC_ISA_USAGE = YES_ERROR;
				CLANG_WARN_DOCUMENTATION_COMMENTS = YES;
				CLANG_WARN_EMPTY_BODY = YES;
				CLANG_WARN_ENUM_CONVERSION = YES;
				CLANG_WARN_INFINITE_RECURSION = YES;
				CLANG_WARN_INT_CONVERSION = YES;
				CLANG_WARN_NON_LITERAL_NULL_CONVERSION = YES;
				CLANG_WARN_OBJC_IMPLICIT_RETAIN_SELF = YES;
				CLANG_WARN_OBJC_LITERAL_CONVERSION = YES;
				CLANG_WARN_OBJC_ROOT_CLASS = YES_ERROR;
				CLANG_WARN_QUOTED_INCLUDE_IN_FRAMEWORK_HEADER = YES;
				CLANG_WARN_RANGE_LOOP_ANALYSIS = YES;
				CLANG_WARN_STRICT_PROTOTYPES = YES;
				CLANG_WARN_SUSPICIOUS_MOVE = YES;
				CLANG_WARN_UNGUARDED_AVAILABILITY = YES_AGGRESSIVE;
				CLANG_WARN_UNREACHABLE_CODE = YES;
				CLANG_WARN__DUPLICATE_METHOD_MATCH = YES;
				COPY_PHASE_STRIP = NO;
				DEBUG_INFORMATION_FORMAT = dwarf;
				ENABLE_STRICT_OBJC_MSGSEND = YES;
				ENABLE_TESTABILITY = YES;
				ENABLE_USER_SCRIPT_SANDBOXING = YES;
				GCC_C_LANGUAGE_STANDARD = gnu17;
				GCC_DYNAMIC_NO_PIC = NO;
				GCC_NO_COMMON_BLOCKS = YES;
				GCC_OPTIMIZATION_LEVEL = 0;
				GCC_PREPROCESSOR_DEFINITIONS = (
					"DEBUG=1",
					"$(inherited)",
				);
				GCC_WARN_64_TO_32_BIT_CONVERSION = YES;
				GCC_WARN_ABOUT_RETURN_TYPE = YES_ERROR;
				GCC_WARN_UNDECLARED_SELECTOR = YES;
				GCC_WARN_UNINITIALIZED_AUTOS = YES_AGGRESSIVE;
				GCC_WARN_UNUSED_FUNCTION = YES;
				GCC_WARN_UNUSED_VARIABLE = YES;
				IPHONEOS_DEPLOYMENT_TARGET = 17.0;
				LOCALIZATION_PREFERS_STRING_CATALOGS = YES;
				MTL_ENABLE_DEBUG_INFO = INCLUDE_SOURCE;
				MTL_FAST_MATH = YES;
				ONLY_ACTIVE_ARCH = YES;
				SDKROOT = iphoneos;
				SWIFT_ACTIVE_COMPILATION_CONDITIONS = "DEBUG $(inherited)";
				SWIFT_OPTIMIZATION_LEVEL = "-Onone";
			};
			name = Debug;
		};
		B10A905B2B30B796002FED58 /* Release */ = {
			isa = XCBuildConfiguration;
			buildSettings = {
				ALWAYS_SEARCH_USER_PATHS = NO;
				ASSETCATALOG_COMPILER_GENERATE_SWIFT_ASSET_SYMBOL_EXTENSIONS = YES;
				CLANG_ANALYZER_NONNULL = YES;
				CLANG_ANALYZER_NUMBER_OBJECT_CONVERSION = YES_AGGRESSIVE;
				CLANG_CXX_LANGUAGE_STANDARD = "gnu++20";
				CLANG_ENABLE_MODULES = YES;
				CLANG_ENABLE_OBJC_ARC = YES;
				CLANG_ENABLE_OBJC_WEAK = YES;
				CLANG_WARN_BLOCK_CAPTURE_AUTORELEASING = YES;
				CLANG_WARN_BOOL_CONVERSION = YES;
				CLANG_WARN_COMMA = YES;
				CLANG_WARN_CONSTANT_CONVERSION = YES;
				CLANG_WARN_DEPRECATED_OBJC_IMPLEMENTATIONS = YES;
				CLANG_WARN_DIRECT_OBJC_ISA_USAGE = YES_ERROR;
				CLANG_WARN_DOCUMENTATION_COMMENTS = YES;
				CLANG_WARN_EMPTY_BODY = YES;
				CLANG_WARN_ENUM_CONVERSION = YES;
				CLANG_WARN_INFINITE_RECURSION = YES;
				CLANG_WARN_INT_CONVERSION = YES;
				CLANG_WARN_NON_LITERAL_NULL_CONVERSION = YES;
				CLANG_WARN_OBJC_IMPLICIT_RETAIN_SELF = YES;
				CLANG_WARN_OBJC_LITERAL_CONVERSION = YES;
				CLANG_WARN_OBJC_ROOT_CLASS = YES_ERROR;
				CLANG_WARN_QUOTED_INCLUDE_IN_FRAMEWORK_HEADER = YES;
				CLANG_WARN_RANGE_LOOP_ANALYSIS = YES;
				CLANG_WARN_STRICT_PROTOTYPES = YES;
				CLANG_WARN_SUSPICIOUS_MOVE = YES;
				CLANG_WARN_UNGUARDED_AVAILABILITY = YES_AGGRESSIVE;
				CLANG_WARN_UNREACHABLE_CODE = YES;
				CLANG_WARN__DUPLICATE_METHOD_MATCH = YES;
				COPY_PHASE_STRIP = NO;
				DEBUG_INFORMATION_FORMAT = "dwarf-with-dsym";
				ENABLE_NS_ASSERTIONS = NO;
				ENABLE_STRICT_OBJC_MSGSEND = YES;
				ENABLE_USER_SCRIPT_SANDBOXING = YES;
				GCC_C_LANGUAGE_STANDARD = gnu17;
				GCC_NO_COMMON_BLOCKS = YES;
				GCC_WARN_64_TO_32_BIT_CONVERSION = YES;
				GCC_WARN_ABOUT_RETURN_TYPE = YES_ERROR;
				GCC_WARN_UNDECLARED_SELECTOR = YES;
				GCC_WARN_UNINITIALIZED_AUTOS = YES_AGGRESSIVE;
				GCC_WARN_UNUSED_FUNCTION = YES;
				GCC_WARN_UNUSED_VARIABLE = YES;
				IPHONEOS_DEPLOYMENT_TARGET = 17.0;
				LOCALIZATION_PREFERS_STRING_CATALOGS = YES;
				MTL_ENABLE_DEBUG_INFO = NO;
				MTL_FAST_MATH = YES;
				SDKROOT = iphoneos;
				SWIFT_COMPILATION_MODE = wholemodule;
				VALIDATE_PRODUCT = YES;
			};
			name = Release;
		};
		B10A905D2B30B796002FED58 /* Debug */ = {
			isa = XCBuildConfiguration;
			buildSettings = {
				API_KEY = YOUR_API_KEY_HERE;
				ASSETCATALOG_COMPILER_APPICON_NAME = AppIcon;
				ASSETCATALOG_COMPILER_GLOBAL_ACCENT_COLOR_NAME = AccentColor;
				CODE_SIGN_STYLE = Automatic;
				CURRENT_PROJECT_VERSION = 1;
				DEVELOPMENT_ASSET_PATHS = "\"DailyMeh/Preview Content\"";
				DEVELOPMENT_TEAM = 4E4W2U3RK8;
				ENABLE_PREVIEWS = YES;
				GENERATE_INFOPLIST_FILE = YES;
				INFOPLIST_FILE = DailyMeh/Info.plist;
				INFOPLIST_KEY_UIApplicationSceneManifest_Generation = YES;
				INFOPLIST_KEY_UIApplicationSupportsIndirectInputEvents = YES;
				INFOPLIST_KEY_UILaunchScreen_Generation = YES;
				INFOPLIST_KEY_UISupportedInterfaceOrientations_iPad = "UIInterfaceOrientationPortrait UIInterfaceOrientationPortraitUpsideDown UIInterfaceOrientationLandscapeLeft UIInterfaceOrientationLandscapeRight";
				INFOPLIST_KEY_UISupportedInterfaceOrientations_iPhone = "UIInterfaceOrientationPortrait UIInterfaceOrientationLandscapeLeft UIInterfaceOrientationLandscapeRight";
				LD_RUNPATH_SEARCH_PATHS = (
					"$(inherited)",
					"@executable_path/Frameworks",
				);
				MARKETING_VERSION = 1.0;
				PRODUCT_BUNDLE_IDENTIFIER = com.hiddenworldhut.DailyMeh;
				PRODUCT_NAME = "$(TARGET_NAME)";
				SWIFT_EMIT_LOC_STRINGS = YES;
				SWIFT_VERSION = 5.0;
				TARGETED_DEVICE_FAMILY = "1,2";
			};
			name = Debug;
		};
		B10A905E2B30B796002FED58 /* Release */ = {
			isa = XCBuildConfiguration;
			buildSettings = {
				API_KEY = YOUR_API_KEY_HERE;
				ASSETCATALOG_COMPILER_APPICON_NAME = AppIcon;
				ASSETCATALOG_COMPILER_GLOBAL_ACCENT_COLOR_NAME = AccentColor;
				CODE_SIGN_STYLE = Automatic;
				CURRENT_PROJECT_VERSION = 1;
				DEVELOPMENT_ASSET_PATHS = "\"DailyMeh/Preview Content\"";
				DEVELOPMENT_TEAM = 4E4W2U3RK8;
				ENABLE_PREVIEWS = YES;
				GENERATE_INFOPLIST_FILE = YES;
				INFOPLIST_FILE = DailyMeh/Info.plist;
				INFOPLIST_KEY_UIApplicationSceneManifest_Generation = YES;
				INFOPLIST_KEY_UIApplicationSupportsIndirectInputEvents = YES;
				INFOPLIST_KEY_UILaunchScreen_Generation = YES;
				INFOPLIST_KEY_UISupportedInterfaceOrientations_iPad = "UIInterfaceOrientationPortrait UIInterfaceOrientationPortraitUpsideDown UIInterfaceOrientationLandscapeLeft UIInterfaceOrientationLandscapeRight";
				INFOPLIST_KEY_UISupportedInterfaceOrientations_iPhone = "UIInterfaceOrientationPortrait UIInterfaceOrientationLandscapeLeft UIInterfaceOrientationLandscapeRight";
				LD_RUNPATH_SEARCH_PATHS = (
					"$(inherited)",
					"@executable_path/Frameworks",
				);
				MARKETING_VERSION = 1.0;
				PRODUCT_BUNDLE_IDENTIFIER = com.hiddenworldhut.DailyMeh;
				PRODUCT_NAME = "$(TARGET_NAME)";
				SWIFT_EMIT_LOC_STRINGS = YES;
				SWIFT_VERSION = 5.0;
				TARGETED_DEVICE_FAMILY = "1,2";
			};
			name = Release;
		};
		B10A90602B30B796002FED58 /* Debug */ = {
			isa = XCBuildConfiguration;
			buildSettings = {
				ALWAYS_EMBED_SWIFT_STANDARD_LIBRARIES = YES;
				BUNDLE_LOADER = "$(TEST_HOST)";
				CODE_SIGN_STYLE = Automatic;
				CURRENT_PROJECT_VERSION = 1;
				DEVELOPMENT_TEAM = 4E4W2U3RK8;
				GENERATE_INFOPLIST_FILE = YES;
				IPHONEOS_DEPLOYMENT_TARGET = 17.0;
				MARKETING_VERSION = 1.0;
				PRODUCT_BUNDLE_IDENTIFIER = com.hiddenworldhut.DailyMehTests;
				PRODUCT_NAME = "$(TARGET_NAME)";
				SWIFT_EMIT_LOC_STRINGS = NO;
				SWIFT_VERSION = 5.0;
				TARGETED_DEVICE_FAMILY = "1,2";
				TEST_HOST = "$(BUILT_PRODUCTS_DIR)/DailyMeh.app/$(BUNDLE_EXECUTABLE_FOLDER_PATH)/DailyMeh";
			};
			name = Debug;
		};
		B10A90612B30B796002FED58 /* Release */ = {
			isa = XCBuildConfiguration;
			buildSettings = {
				ALWAYS_EMBED_SWIFT_STANDARD_LIBRARIES = YES;
				BUNDLE_LOADER = "$(TEST_HOST)";
				CODE_SIGN_STYLE = Automatic;
				CURRENT_PROJECT_VERSION = 1;
				DEVELOPMENT_TEAM = 4E4W2U3RK8;
				GENERATE_INFOPLIST_FILE = YES;
				IPHONEOS_DEPLOYMENT_TARGET = 17.0;
				MARKETING_VERSION = 1.0;
				PRODUCT_BUNDLE_IDENTIFIER = com.hiddenworldhut.DailyMehTests;
				PRODUCT_NAME = "$(TARGET_NAME)";
				SWIFT_EMIT_LOC_STRINGS = NO;
				SWIFT_VERSION = 5.0;
				TARGETED_DEVICE_FAMILY = "1,2";
				TEST_HOST = "$(BUILT_PRODUCTS_DIR)/DailyMeh.app/$(BUNDLE_EXECUTABLE_FOLDER_PATH)/DailyMeh";
			};
			name = Release;
		};
		B10A90632B30B796002FED58 /* Debug */ = {
			isa = XCBuildConfiguration;
			buildSettings = {
				ALWAYS_EMBED_SWIFT_STANDARD_LIBRARIES = YES;
				CODE_SIGN_STYLE = Automatic;
				CURRENT_PROJECT_VERSION = 1;
				DEVELOPMENT_TEAM = 4E4W2U3RK8;
				GENERATE_INFOPLIST_FILE = YES;
				MARKETING_VERSION = 1.0;
				PRODUCT_BUNDLE_IDENTIFIER = com.hiddenworldhut.DailyMehUITests;
				PRODUCT_NAME = "$(TARGET_NAME)";
				SWIFT_EMIT_LOC_STRINGS = NO;
				SWIFT_VERSION = 5.0;
				TARGETED_DEVICE_FAMILY = "1,2";
				TEST_TARGET_NAME = DailyMeh;
			};
			name = Debug;
		};
		B10A90642B30B796002FED58 /* Release */ = {
			isa = XCBuildConfiguration;
			buildSettings = {
				ALWAYS_EMBED_SWIFT_STANDARD_LIBRARIES = YES;
				CODE_SIGN_STYLE = Automatic;
				CURRENT_PROJECT_VERSION = 1;
				DEVELOPMENT_TEAM = 4E4W2U3RK8;
				GENERATE_INFOPLIST_FILE = YES;
				MARKETING_VERSION = 1.0;
				PRODUCT_BUNDLE_IDENTIFIER = com.hiddenworldhut.DailyMehUITests;
				PRODUCT_NAME = "$(TARGET_NAME)";
				SWIFT_EMIT_LOC_STRINGS = NO;
				SWIFT_VERSION = 5.0;
				TARGETED_DEVICE_FAMILY = "1,2";
				TEST_TARGET_NAME = DailyMeh;
			};
			name = Release;
		};
/* End XCBuildConfiguration section */

/* Begin XCConfigurationList section */
		B10A90332B30B795002FED58 /* Build configuration list for PBXProject "DailyMeh" */ = {
			isa = XCConfigurationList;
			buildConfigurations = (
				B10A905A2B30B796002FED58 /* Debug */,
				B10A905B2B30B796002FED58 /* Release */,
			);
			defaultConfigurationIsVisible = 0;
			defaultConfigurationName = Release;
		};
		B10A905C2B30B796002FED58 /* Build configuration list for PBXNativeTarget "DailyMeh" */ = {
			isa = XCConfigurationList;
			buildConfigurations = (
				B10A905D2B30B796002FED58 /* Debug */,
				B10A905E2B30B796002FED58 /* Release */,
			);
			defaultConfigurationIsVisible = 0;
			defaultConfigurationName = Release;
		};
		B10A905F2B30B796002FED58 /* Build configuration list for PBXNativeTarget "DailyMehTests" */ = {
			isa = XCConfigurationList;
			buildConfigurations = (
				B10A90602B30B796002FED58 /* Debug */,
				B10A90612B30B796002FED58 /* Release */,
			);
			defaultConfigurationIsVisible = 0;
			defaultConfigurationName = Release;
		};
		B10A90622B30B796002FED58 /* Build configuration list for PBXNativeTarget "DailyMehUITests" */ = {
			isa = XCConfigurationList;
			buildConfigurations = (
				B10A90632B30B796002FED58 /* Debug */,
				B10A90642B30B796002FED58 /* Release */,
			);
			defaultConfigurationIsVisible = 0;
			defaultConfigurationName = Release;
		};
/* End XCConfigurationList section */
	};
	rootObject = B10A90302B30B795002FED58 /* Project object */;
}
